// !$*UTF8*$!
{
	archiveVersion = 1;
	classes = {
	};
	objectVersion = 77;
	objects = {

/* Begin PBXContainerItemProxy section */
		084B3CD72F78EC3600A06D58 /* PBXContainerItemProxy */ = {
			isa = PBXContainerItemProxy;
			containerPortal = 084B3CBF2F78EC3500A06D58 /* Project object */;
			proxyType = 1;
			remoteGlobalIDString = 084B3CC62F78EC3500A06D58;
			remoteInfo = QuorumCall;
		};
		084B3CE12F78EC3600A06D58 /* PBXContainerItemProxy */ = {
			isa = PBXContainerItemProxy;
			containerPortal = 084B3CBF2F78EC3500A06D58 /* Project object */;
			proxyType = 1;
			remoteGlobalIDString = 084B3CC62F78EC3500A06D58;
			remoteInfo = QuorumCall;
		};
/* End PBXContainerItemProxy section */

/* Begin PBXFileReference section */
		084B3CC72F78EC3500A06D58 /* QuorumCall.app */ = {isa = PBXFileReference; explicitFileType = wrapper.application; includeInIndex = 0; path = QuorumCall.app; sourceTree = BUILT_PRODUCTS_DIR; };
		084B3CD62F78EC3600A06D58 /* QuorumCallTests.xctest */ = {isa = PBXFileReference; explicitFileType = wrapper.cfbundle; includeInIndex = 0; path = QuorumCallTests.xctest; sourceTree = BUILT_PRODUCTS_DIR; };
		084B3CE02F78EC3600A06D58 /* QuorumCallUITests.xctest */ = {isa = PBXFileReference; explicitFileType = wrapper.cfbundle; includeInIndex = 0; path = QuorumCallUITests.xctest; sourceTree = BUILT_PRODUCTS_DIR; };
/* End PBXFileReference section */

/* Begin PBXFileSystemSynchronizedRootGroup section */
		084B3CC92F78EC3500A06D58 /* QuorumCall */ = {
			isa = PBXFileSystemSynchronizedRootGroup;
			path = QuorumCall;
			sourceTree = "<group>";
		};
		084B3CD92F78EC3600A06D58 /* QuorumCallTests */ = {
			isa = PBXFileSystemSynchronizedRootGroup;
			path = QuorumCallTests;
			sourceTree = "<group>";
		};
		084B3CE32F78EC3600A06D58 /* QuorumCallUITests */ = {
			isa = PBXFileSystemSynchronizedRootGroup;
			path = QuorumCallUITests;
			sourceTree = "<group>";
		};
/* End PBXFileSystemSynchronizedRootGroup section */

/* Begin PBXFrameworksBuildPhase section */
		084B3CC42F78EC3500A06D58 /* Frameworks */ = {
			isa = PBXFrameworksBuildPhase;
			buildActionMask = 2147483647;
			files = (
			);
			runOnlyForDeploymentPostprocessing = 0;
		};
		084B3CD32F78EC3600A06D58 /* Frameworks */ = {
			isa = PBXFrameworksBuildPhase;
			buildActionMask = 2147483647;
			files = (
			);
			runOnlyForDeploymentPostprocessing = 0;
		};
		084B3CDD2F78EC3600A06D58 /* Frameworks */ = {
			isa = PBXFrameworksBuildPhase;
			buildActionMask = 2147483647;
			files = (
			);
			runOnlyForDeploymentPostprocessing = 0;
		};
/* End PBXFrameworksBuildPhase section */

/* Begin PBXGroup section */
		084B3CBE2F78EC3500A06D58 = {
			isa = PBXGroup;
			children = (
				084B3CC92F78EC3500A06D58 /* QuorumCall */,
				084B3CD92F78EC3600A06D58 /* QuorumCallTests */,
				084B3CE32F78EC3600A06D58 /* QuorumCallUITests */,
				084B3CC82F78EC3500A06D58 /* Products */,
			);
			sourceTree = "<group>";
		};
		084B3CC82F78EC3500A06D58 /* Products */ = {
			isa = PBXGroup;
			children = (
				084B3CC72F78EC3500A06D58 /* QuorumCall.app */,
				084B3CD62F78EC3600A06D58 /* QuorumCallTests.xctest */,
				084B3CE02F78EC3600A06D58 /* QuorumCallUITests.xctest */,
			);
			name = Products;
			sourceTree = "<group>";
		};
/* End PBXGroup section */

/* Begin PBXNativeTarget section */
		084B3CC62F78EC3500A06D58 /* QuorumCall */ = {
			isa = PBXNativeTarget;
			buildConfigurationList = 084B3CEA2F78EC3600A06D58 /* Build configuration list for PBXNativeTarget "QuorumCall" */;
			buildPhases = (
				084B3CC32F78EC3500A06D58 /* Sources */,
				084B3CC42F78EC3500A06D58 /* Frameworks */,
				084B3CC52F78EC3500A06D58 /* Resources */,
			);
			buildRules = (
			);
			dependencies = (
			);
			fileSystemSynchronizedGroups = (
				084B3CC92F78EC3500A06D58 /* QuorumCall */,
			);
			name = QuorumCall;
			packageProductDependencies = (
			);
			productName = QuorumCall;
			productReference = 084B3CC72F78EC3500A06D58 /* QuorumCall.app */;
			productType = "com.apple.product-type.application";
		};
		084B3CD52F78EC3600A06D58 /* QuorumCallTests */ = {
			isa = PBXNativeTarget;
			buildConfigurationList = 084B3CED2F78EC3600A06D58 /* Build configuration list for PBXNativeTarget "QuorumCallTests" */;
			buildPhases = (
				084B3CD22F78EC3600A06D58 /* Sources */,
				084B3CD32F78EC3600A06D58 /* Frameworks */,
				084B3CD42F78EC3600A06D58 /* Resources */,
			);
			buildRules = (
			);
			dependencies = (
				084B3CD82F78EC3600A06D58 /* PBXTargetDependency */,
			);
			fileSystemSynchronizedGroups = (
				084B3CD92F78EC3600A06D58 /* QuorumCallTests */,
			);
			name = QuorumCallTests;
			packageProductDependencies = (
			);
			productName = QuorumCallTests;
			productReference = 084B3CD62F78EC3600A06D58 /* QuorumCallTests.xctest */;
			productType = "com.apple.product-type.bundle.unit-test";
		};
		084B3CDF2F78EC3600A06D58 /* QuorumCallUITests */ = {
			isa = PBXNativeTarget;
			buildConfigurationList = 084B3CF02F78EC3600A06D58 /* Build configuration list for PBXNativeTarget "QuorumCallUITests" */;
			buildPhases = (
				084B3CDC2F78EC3600A06D58 /* Sources */,
				084B3CDD2F78EC3600A06D58 /* Frameworks */,
				084B3CDE2F78EC3600A06D58 /* Resources */,
			);
			buildRules = (
			);
			dependencies = (
				084B3CE22F78EC3600A06D58 /* PBXTargetDependency */,
			);
			fileSystemSynchronizedGroups = (
				084B3CE32F78EC3600A06D58 /* QuorumCallUITests */,
			);
			name = QuorumCallUITests;
			packageProductDependencies = (
			);
			productName = QuorumCallUITests;
			productReference = 084B3CE02F78EC3600A06D58 /* QuorumCallUITests.xctest */;
			productType = "com.apple.product-type.bundle.ui-testing";
		};
/* End PBXNativeTarget section */

/* Begin PBXProject section */
		084B3CBF2F78EC3500A06D58 /* Project object */ = {
			isa = PBXProject;
			attributes = {
				BuildIndependentTargetsInParallel = 1;
				LastSwiftUpdateCheck = 2630;
				LastUpgradeCheck = 2630;
				TargetAttributes = {
					084B3CC62F78EC3500A06D58 = {
						CreatedOnToolsVersion = 26.3;
					};
					084B3CD52F78EC3600A06D58 = {
						CreatedOnToolsVersion = 26.3;
						TestTargetID = 084B3CC62F78EC3500A06D58;
					};
					084B3CDF2F78EC3600A06D58 = {
						CreatedOnToolsVersion = 26.3;
						TestTargetID = 084B3CC62F78EC3500A06D58;
					};
				};
			};
			buildConfigurationList = 084B3CC22F78EC3500A06D58 /* Build configuration list for PBXProject "QuorumCall" */;
			developmentRegion = en;
			hasScannedForEncodings = 0;
			knownRegions = (
				en,
				Base,
			);
			mainGroup = 084B3CBE2F78EC3500A06D58;
			minimizedProjectReferenceProxies = 1;
			preferredProjectObjectVersion = 77;
			productRefGroup = 084B3CC82F78EC3500A06D58 /* Products */;
			projectDirPath = "";
			projectRoot = "";
			targets = (
				084B3CC62F78EC3500A06D58 /* QuorumCall */,
				084B3CD52F78EC3600A06D58 /* QuorumCallTests */,
				084B3CDF2F78EC3600A06D58 /* QuorumCallUITests */,
			);
		};
/* End PBXProject section */

/* Begin PBXResourcesBuildPhase section */
		084B3CC52F78EC3500A06D58 /* Resources */ = {
			isa = PBXResourcesBuildPhase;
			buildActionMask = 2147483647;
			files = (
			);
			runOnlyForDeploymentPostprocessing = 0;
		};
		084B3CD42F78EC3600A06D58 /* Resources */ = {
			isa = PBXResourcesBuildPhase;
			buildActionMask = 2147483647;
			files = (
			);
			runOnlyForDeploymentPostprocessing = 0;
		};
		084B3CDE2F78EC3600A06D58 /* Resources */ = {
			isa = PBXResourcesBuildPhase;
			buildActionMask = 2147483647;
			files = (
			);
			runOnlyForDeploymentPostprocessing = 0;
		};
/* End PBXResourcesBuildPhase section */

/* Begin PBXSourcesBuildPhase section */
		084B3CC32F78EC3500A06D58 /* Sources */ = {
			isa = PBXSourcesBuildPhase;
			buildActionMask = 2147483647;
			files = (
			);
			runOnlyForDeploymentPostprocessing = 0;
		};
		084B3CD22F78EC3600A06D58 /* Sources */ = {
			isa = PBXSourcesBuildPhase;
			buildActionMask = 2147483647;
			files = (
			);
			runOnlyForDeploymentPostprocessing = 0;
		};
		084B3CDC2F78EC3600A06D58 /* Sources */ = {
			isa = PBXSourcesBuildPhase;
			buildActionMask = 2147483647;
			files = (
			);
			runOnlyForDeploymentPostprocessing = 0;
		};
/* End PBXSourcesBuildPhase section */

/* Begin PBXTargetDependency section */
		084B3CD82F78EC3600A06D58 /* PBXTargetDependency */ = {
			isa = PBXTargetDependency;
			target = 084B3CC62F78EC3500A06D58 /* QuorumCall */;
			targetProxy = 084B3CD72F78EC3600A06D58 /* PBXContainerItemProxy */;
		};
		084B3CE22F78EC3600A06D58 /* PBXTargetDependency */ = {
			isa = PBXTargetDependency;
			target = 084B3CC62F78EC3500A06D58 /* QuorumCall */;
			targetProxy = 084B3CE12F78EC3600A06D58 /* PBXContainerItemProxy */;
		};
/* End PBXTargetDependency section */

/* Begin XCBuildConfiguration section */
		084B3CE82F78EC3600A06D58 /* Debug */ = {
			isa = XCBuildConfiguration;
			buildSettings = {
				ALWAYS_SEARCH_USER_PATHS = NO;
				ASSETCATALOG_COMPILER_GENERATE_SWIFT_ASSET_SYMBOL_EXTENSIONS = YES;
				CLANG_ANALYZER_NONNULL = YES;
				CLANG_ANALYZER_NUMBER_OBJECT_CONVERSION = YES_AGGRESSIVE;
				CLANG_CXX_LANGUAGE_STANDARD = "gnu++20";
				CLANG_ENABLE_MODULES = YES;
				CLANG_ENABLE_OBJC_ARC = YES;
				CLANG_ENABLE_OBJC_WEAK = YES;
				CLANG_WARN_BLOCK_CAPTURE_AUTORELEASING = YES;
				CLANG_WARN_BOOL_CONVERSION = YES;
				CLANG_WARN_COMMA = YES;
				CLANG_WARN_CONSTANT_CONVERSION = YES;
				CLANG_WARN_DEPRECATED_OBJC_IMPLEMENTATIONS = YES;
				CLANG_WARN_DIRECT_OBJC_ISA_USAGE = YES_ERROR;
				CLANG_WARN_DOCUMENTATION_COMMENTS = YES;
				CLANG_WARN_EMPTY_BODY = YES;
				CLANG_WARN_ENUM_CONVERSION = YES;
				CLANG_WARN_INFINITE_RECURSION = YES;
				CLANG_WARN_INT_CONVERSION = YES;
				CLANG_WARN_NON_LITERAL_NULL_CONVERSION = YES;
				CLANG_WARN_OBJC_IMPLICIT_RETAIN_SELF = YES;
				CLANG_WARN_OBJC_LITERAL_CONVERSION = YES;
				CLANG_WARN_OBJC_ROOT_CLASS = YES_ERROR;
				CLANG_WARN_QUOTED_INCLUDE_IN_FRAMEWORK_HEADER = YES;
				CLANG_WARN_RANGE_LOOP_ANALYSIS = YES;
				CLANG_WARN_STRICT_PROTOTYPES = YES;
				CLANG_WARN_SUSPICIOUS_MOVE = YES;
				CLANG_WARN_UNGUARDED_AVAILABILITY = YES_AGGRESSIVE;
				CLANG_WARN_UNREACHABLE_CODE = YES;
				CLANG_WARN__DUPLICATE_METHOD_MATCH = YES;
				COPY_PHASE_STRIP = NO;
				DEBUG_INFORMATION_FORMAT = dwarf;
				DEVELOPMENT_TEAM = 2QXH3JN7X8;
				ENABLE_STRICT_OBJC_MSGSEND = YES;
				ENABLE_TESTABILITY = YES;
				ENABLE_USER_SCRIPT_SANDBOXING = YES;
				GCC_C_LANGUAGE_STANDARD = gnu17;
				GCC_DYNAMIC_NO_PIC = NO;
				GCC_NO_COMMON_BLOCKS = YES;
				GCC_OPTIMIZATION_LEVEL = 0;
				GCC_PREPROCESSOR_DEFINITIONS = (
					"DEBUG=1",
					"$(inherited)",
				);
				GCC_WARN_64_TO_32_BIT_CONVERSION = YES;
				GCC_WARN_ABOUT_RETURN_TYPE = YES_ERROR;
				GCC_WARN_UNDECLARED_SELECTOR = YES;
				GCC_WARN_UNINITIALIZED_AUTOS = YES_AGGRESSIVE;
				GCC_WARN_UNUSED_FUNCTION = YES;
				GCC_WARN_UNUSED_VARIABLE = YES;
				LOCALIZATION_PREFERS_STRING_CATALOGS = YES;
				MACOSX_DEPLOYMENT_TARGET = 15.7;
				MTL_ENABLE_DEBUG_INFO = INCLUDE_SOURCE;
				MTL_FAST_MATH = YES;
				ONLY_ACTIVE_ARCH = YES;
				SDKROOT = macosx;
				SWIFT_ACTIVE_COMPILATION_CONDITIONS = "DEBUG $(inherited)";
				SWIFT_OPTIMIZATION_LEVEL = "-Onone";
			};
			name = Debug;
		};
		084B3CE92F78EC3600A06D58 /* Release */ = {
			isa = XCBuildConfiguration;
			buildSettings = {
				ALWAYS_SEARCH_USER_PATHS = NO;
				ASSETCATALOG_COMPILER_GENERATE_SWIFT_ASSET_SYMBOL_EXTENSIONS = YES;
				CLANG_ANALYZER_NONNULL = YES;
				CLANG_ANALYZER_NUMBER_OBJECT_CONVERSION = YES_AGGRESSIVE;
				CLANG_CXX_LANGUAGE_STANDARD = "gnu++20";
				CLANG_ENABLE_MODULES = YES;
				CLANG_ENABLE_OBJC_ARC = YES;
				CLANG_ENABLE_OBJC_WEAK = YES;
				CLANG_WARN_BLOCK_CAPTURE_AUTORELEASING = YES;
				CLANG_WARN_BOOL_CONVERSION = YES;
				CLANG_WARN_COMMA = YES;
				CLANG_WARN_CONSTANT_CONVERSION = YES;
				CLANG_WARN_DEPRECATED_OBJC_IMPLEMENTATIONS = YES;
				CLANG_WARN_DIRECT_OBJC_ISA_USAGE = YES_ERROR;
				CLANG_WARN_DOCUMENTATION_COMMENTS = YES;
				CLANG_WARN_EMPTY_BODY = YES;
				CLANG_WARN_ENUM_CONVERSION = YES;
				CLANG_WARN_INFINITE_RECURSION = YES;
				CLANG_WARN_INT_CONVERSION = YES;
				CLANG_WARN_NON_LITERAL_NULL_CONVERSION = YES;
				CLANG_WARN_OBJC_IMPLICIT_RETAIN_SELF = YES;
				CLANG_WARN_OBJC_LITERAL_CONVERSION = YES;
				CLANG_WARN_OBJC_ROOT_CLASS = YES_ERROR;
				CLANG_WARN_QUOTED_INCLUDE_IN_FRAMEWORK_HEADER = YES;
				CLANG_WARN_RANGE_LOOP_ANALYSIS = YES;
				CLANG_WARN_STRICT_PROTOTYPES = YES;
				CLANG_WARN_SUSPICIOUS_MOVE = YES;
				CLANG_WARN_UNGUARDED_AVAILABILITY = YES_AGGRESSIVE;
				CLANG_WARN_UNREACHABLE_CODE = YES;
				CLANG_WARN__DUPLICATE_METHOD_MATCH = YES;
				COPY_PHASE_STRIP = NO;
				DEBUG_INFORMATION_FORMAT = "dwarf-with-dsym";
				DEVELOPMENT_TEAM = 2QXH3JN7X8;
				ENABLE_NS_ASSERTIONS = NO;
				ENABLE_STRICT_OBJC_MSGSEND = YES;
				ENABLE_USER_SCRIPT_SANDBOXING = YES;
				GCC_C_LANGUAGE_STANDARD = gnu17;
				GCC_NO_COMMON_BLOCKS = YES;
				GCC_WARN_64_TO_32_BIT_CONVERSION = YES;
				GCC_WARN_ABOUT_RETURN_TYPE = YES_ERROR;
				GCC_WARN_UNDECLARED_SELECTOR = YES;
				GCC_WARN_UNINITIALIZED_AUTOS = YES_AGGRESSIVE;
				GCC_WARN_UNUSED_FUNCTION = YES;
				GCC_WARN_UNUSED_VARIABLE = YES;
				LOCALIZATION_PREFERS_STRING_CATALOGS = YES;
				MACOSX_DEPLOYMENT_TARGET = 15.7;
				MTL_ENABLE_DEBUG_INFO = NO;
				MTL_FAST_MATH = YES;
				SDKROOT = macosx;
				SWIFT_COMPILATION_MODE = wholemodule;
			};
			name = Release;
		};
		084B3CEB2F78EC3600A06D58 /* Debug */ = {
			isa = XCBuildConfiguration;
			buildSettings = {
				ASSETCATALOG_COMPILER_APPICON_NAME = AppIcon;
				ASSETCATALOG_COMPILER_GLOBAL_ACCENT_COLOR_NAME = AccentColor;
				CODE_SIGN_STYLE = Automatic;
				COMBINE_HIDPI_IMAGES = YES;
				CURRENT_PROJECT_VERSION = 1;
				DEVELOPMENT_TEAM = 2QXH3JN7X8;
				ENABLE_APP_SANDBOX = YES;
				ENABLE_HARDENED_RUNTIME = YES;
				ENABLE_PREVIEWS = YES;
				ENABLE_USER_SELECTED_FILES = readonly;
				GENERATE_INFOPLIST_FILE = YES;
				INFOPLIST_KEY_NSHumanReadableCopyright = "";
				LD_RUNPATH_SEARCH_PATHS = (
					"$(inherited)",
					"@executable_path/../Frameworks",
				);
				MARKETING_VERSION = 1.0;
				PRODUCT_BUNDLE_IDENTIFIER = com.weldawadyathink.QuorumCall;
				PRODUCT_NAME = "$(TARGET_NAME)";
				REGISTER_APP_GROUPS = YES;
				STRING_CATALOG_GENERATE_SYMBOLS = YES;
				SWIFT_APPROACHABLE_CONCURRENCY = YES;
				SWIFT_DEFAULT_ACTOR_ISOLATION = MainActor;
				SWIFT_EMIT_LOC_STRINGS = YES;
				SWIFT_UPCOMING_FEATURE_MEMBER_IMPORT_VISIBILITY = YES;
				SWIFT_VERSION = 5.0;
			};
			name = Debug;
		};
		084B3CEC2F78EC3600A06D58 /* Release */ = {
			isa = XCBuildConfiguration;
			buildSettings = {
				ASSETCATALOG_COMPILER_APPICON_NAME = AppIcon;
				ASSETCATALOG_COMPILER_GLOBAL_ACCENT_COLOR_NAME = AccentColor;
				CODE_SIGN_STYLE = Automatic;
				COMBINE_HIDPI_IMAGES = YES;
				CURRENT_PROJECT_VERSION = 1;
				DEVELOPMENT_TEAM = 2QXH3JN7X8;
				ENABLE_APP_SANDBOX = YES;
				ENABLE_HARDENED_RUNTIME = YES;
				ENABLE_PREVIEWS = YES;
				ENABLE_USER_SELECTED_FILES = readonly;
				GENERATE_INFOPLIST_FILE = YES;
				INFOPLIST_KEY_NSHumanReadableCopyright = "";
				LD_RUNPATH_SEARCH_PATHS = (
					"$(inherited)",
					"@executable_path/../Frameworks",
				);
				MARKETING_VERSION = 1.0;
				PRODUCT_BUNDLE_IDENTIFIER = com.weldawadyathink.QuorumCall;
				PRODUCT_NAME = "$(TARGET_NAME)";
				REGISTER_APP_GROUPS = YES;
				STRING_CATALOG_GENERATE_SYMBOLS = YES;
				SWIFT_APPROACHABLE_CONCURRENCY = YES;
				SWIFT_DEFAULT_ACTOR_ISOLATION = MainActor;
				SWIFT_EMIT_LOC_STRINGS = YES;
				SWIFT_UPCOMING_FEATURE_MEMBER_IMPORT_VISIBILITY = YES;
				SWIFT_VERSION = 5.0;
			};
			name = Release;
		};
		084B3CEE2F78EC3600A06D58 /* Debug */ = {
			isa = XCBuildConfiguration;
			buildSettings = {
				BUNDLE_LOADER = "$(TEST_HOST)";
				CODE_SIGN_STYLE = Automatic;
				CURRENT_PROJECT_VERSION = 1;
				DEVELOPMENT_TEAM = 2QXH3JN7X8;
				GENERATE_INFOPLIST_FILE = YES;
				MACOSX_DEPLOYMENT_TARGET = 15.7;
				MARKETING_VERSION = 1.0;
				PRODUCT_BUNDLE_IDENTIFIER = com.weldawadyathink.QuorumCallTests;
				PRODUCT_NAME = "$(TARGET_NAME)";
				STRING_CATALOG_GENERATE_SYMBOLS = NO;
				SWIFT_APPROACHABLE_CONCURRENCY = YES;
				SWIFT_EMIT_LOC_STRINGS = NO;
				SWIFT_UPCOMING_FEATURE_MEMBER_IMPORT_VISIBILITY = YES;
				SWIFT_VERSION = 5.0;
				TEST_HOST = "$(BUILT_PRODUCTS_DIR)/QuorumCall.app/$(BUNDLE_EXECUTABLE_FOLDER_PATH)/QuorumCall";
			};
			name = Debug;
		};
		084B3CEF2F78EC3600A06D58 /* Release */ = {
			isa = XCBuildConfiguration;
			buildSettings = {
				BUNDLE_LOADER = "$(TEST_HOST)";
				CODE_SIGN_STYLE = Automatic;
				CURRENT_PROJECT_VERSION = 1;
				DEVELOPMENT_TEAM = 2QXH3JN7X8;
				GENERATE_INFOPLIST_FILE = YES;
				MACOSX_DEPLOYMENT_TARGET = 15.7;
				MARKETING_VERSION = 1.0;
				PRODUCT_BUNDLE_IDENTIFIER = com.weldawadyathink.QuorumCallTests;
				PRODUCT_NAME = "$(TARGET_NAME)";
				STRING_CATALOG_GENERATE_SYMBOLS = NO;
				SWIFT_APPROACHABLE_CONCURRENCY = YES;
				SWIFT_EMIT_LOC_STRINGS = NO;
				SWIFT_UPCOMING_FEATURE_MEMBER_IMPORT_VISIBILITY = YES;
				SWIFT_VERSION = 5.0;
				TEST_HOST = "$(BUILT_PRODUCTS_DIR)/QuorumCall.app/$(BUNDLE_EXECUTABLE_FOLDER_PATH)/QuorumCall";
			};
			name = Release;
		};
		084B3CF12F78EC3600A06D58 /* Debug */ = {
			isa = XCBuildConfiguration;
			buildSettings = {
				CODE_SIGN_STYLE = Automatic;
				CURRENT_PROJECT_VERSION = 1;
				DEVELOPMENT_TEAM = 2QXH3JN7X8;
				GENERATE_INFOPLIST_FILE = YES;
				MARKETING_VERSION = 1.0;
				PRODUCT_BUNDLE_IDENTIFIER = com.weldawadyathink.QuorumCallUITests;
				PRODUCT_NAME = "$(TARGET_NAME)";
				STRING_CATALOG_GENERATE_SYMBOLS = NO;
				SWIFT_APPROACHABLE_CONCURRENCY = YES;
				SWIFT_EMIT_LOC_STRINGS = NO;
				SWIFT_UPCOMING_FEATURE_MEMBER_IMPORT_VISIBILITY = YES;
				SWIFT_VERSION = 5.0;
				TEST_TARGET_NAME = QuorumCall;
			};
			name = Debug;
		};
		084B3CF22F78EC3600A06D58 /* Release */ = {
			isa = XCBuildConfiguration;
			buildSettings = {
				CODE_SIGN_STYLE = Automatic;
				CURRENT_PROJECT_VERSION = 1;
				DEVELOPMENT_TEAM = 2QXH3JN7X8;
				GENERATE_INFOPLIST_FILE = YES;
				MARKETING_VERSION = 1.0;
				PRODUCT_BUNDLE_IDENTIFIER = com.weldawadyathink.QuorumCallUITests;
				PRODUCT_NAME = "$(TARGET_NAME)";
				STRING_CATALOG_GENERATE_SYMBOLS = NO;
				SWIFT_APPROACHABLE_CONCURRENCY = YES;
				SWIFT_EMIT_LOC_STRINGS = NO;
				SWIFT_UPCOMING_FEATURE_MEMBER_IMPORT_VISIBILITY = YES;
				SWIFT_VERSION = 5.0;
				TEST_TARGET_NAME = QuorumCall;
			};
			name = Release;
		};
/* End XCBuildConfiguration section */

/* Begin XCConfigurationList section */
		084B3CC22F78EC3500A06D58 /* Build configuration list for PBXProject "QuorumCall" */ = {
			isa = XCConfigurationList;
			buildConfigurations = (
				084B3CE82F78EC3600A06D58 /* Debug */,
				084B3CE92F78EC3600A06D58 /* Release */,
			);
			defaultConfigurationIsVisible = 0;
			defaultConfigurationName = Release;
		};
		084B3CEA2F78EC3600A06D58 /* Build configuration list for PBXNativeTarget "QuorumCall" */ = {
			isa = XCConfigurationList;
			buildConfigurations = (
				084B3CEB2F78EC3600A06D58 /* Debug */,
				084B3CEC2F78EC3600A06D58 /* Release */,
			);
			defaultConfigurationIsVisible = 0;
			defaultConfigurationName = Release;
		};
		084B3CED2F78EC3600A06D58 /* Build configuration list for PBXNativeTarget "QuorumCallTests" */ = {
			isa = XCConfigurationList;
			buildConfigurations = (
				084B3CEE2F78EC3600A06D58 /* Debug */,
				084B3CEF2F78EC3600A06D58 /* Release */,
			);
			defaultConfigurationIsVisible = 0;
			defaultConfigurationName = Release;
		};
		084B3CF02F78EC3600A06D58 /* Build configuration list for PBXNativeTarget "QuorumCallUITests" */ = {
			isa = XCConfigurationList;
			buildConfigurations = (
				084B3CF12F78EC3600A06D58 /* Debug */,
				084B3CF22F78EC3600A06D58 /* Release */,
			);
			defaultConfigurationIsVisible = 0;
			defaultConfigurationName = Release;
		};
/* End XCConfigurationList section */
	};
	rootObject = 084B3CBF2F78EC3500A06D58 /* Project object */;
}
